<?xml version="1.0" encoding="utf-8"?>
<Project ToolsVersion="4.0" xmlns="http://schemas.microsoft.com/developer/msbuild/2003">
  <ItemGroup>
    <ClInclude Include="include\Aurore\Core\ClientService.hpp" />
    <ClInclude Include="include\Aurore\Core\logger\Log.hpp" />
    <ClInclude Include="include\Aurore\Core\Configuration.hpp" />
    <ClInclude Include="include\Aurore\Core\Tick.hpp" />
    <ClInclude Include="include\Aurore\Core\Server.hpp" />
    <ClInclude Include="src\ServerTestAccess.hpp" />
    <ClInclude Include="include\Aurore\Core\ClientLifecycle.hpp" />
    <ClInclude Include="include\Aurore\Core\ClientLogin.hpp" />
    <ClInclude Include="include\Aurore\Core\RegistrySnapshotStore.hpp" />
    <ClInclude Include="include\Aurore\Core\SyntheticRegistrySnapshot.hpp" />
  </ItemGroup>
  <ItemGroup>
    <ClCompile Include="src\ClientService.cpp" />
    <ClCompile Include="src\logger\Log.cpp" />
    <ClCompile Include="src\Configuration.cpp" />
    <ClCompile Include="src\Tick.cpp" />
    <ClCompile Include="src\Server.cpp" />
    <ClCompile Include="src\ClientLifecycle.cpp" />
    <ClCompile Include="src\ClientLogin.cpp" />
    <ClCompile Include="src\RegistrySnapshotStore.cpp" />
    <ClCompile Include="src\SyntheticRegistrySnapshot.cpp" />
  </ItemGroup>
</Project>
