<Solution>
  <Configurations>
    <Platform Name="x64" />
  </Configurations>
  <Project Path="Aurore.Core/Aurore.Core.vcxproj" Id="2dbb098f-e837-43c9-9b19-f06669dd3fb9">
    <BuildDependency Project="Aurore.Network/Aurore.Network.vcxproj" />
    <BuildDependency Project="Aurore.Protocol/Aurore.Protocol.vcxproj" />
    <BuildDependency Project="Aurore.Util/Aurore.Util.vcxproj" />
    <BuildDependency Project="Aurore.World/Aurore.World.vcxproj" />
  </Project>
  <Project Path="Aurore.Network/Aurore.Network.vcxproj" Id="dd8e908c-0729-48de-9595-7e2c8259d63f" />
  <Project Path="Aurore.Protocol/Aurore.Protocol.vcxproj" Id="4a8fe889-79e5-443b-83ae-a04b6700aa2e">
    <BuildDependency Project="Aurore.Network/Aurore.Network.vcxproj" />
  </Project>
  <Project Path="Aurore.Server/Aurore.Server.vcxproj" Id="4611f381-7bf9-42f6-821e-918c0ef9a133">
    <BuildDependency Project="Aurore.Core/Aurore.Core.vcxproj" />
    <BuildDependency Project="Aurore.Network/Aurore.Network.vcxproj" />
    <BuildDependency Project="Aurore.Protocol/Aurore.Protocol.vcxproj" />
    <BuildDependency Project="Aurore.Util/Aurore.Util.vcxproj" />
    <BuildDependency Project="Aurore.World/Aurore.World.vcxproj" />
  </Project>
  <Project Path="Aurore.Tests/Aurore.Tests.vcxproj" Id="b282a500-f52c-49ac-bfb2-56504cf4bc7c">
    <BuildDependency Project="Aurore.Core/Aurore.Core.vcxproj" />
    <BuildDependency Project="Aurore.Network/Aurore.Network.vcxproj" />
    <BuildDependency Project="Aurore.Protocol/Aurore.Protocol.vcxproj" />
    <BuildDependency Project="Aurore.Util/Aurore.Util.vcxproj" />
    <BuildDependency Project="Aurore.World/Aurore.World.vcxproj" />
  </Project>
  <Project Path="Aurore.Util/Aurore.Util.vcxproj" Id="b7abbaaa-db1b-403c-bf55-5acbbfce0e76" />
  <Project Path="Aurore.World/Aurore.World.vcxproj" Id="4d914a17-23b5-4af3-85e4-095c0985f285">
    <BuildDependency Project="Aurore.Network/Aurore.Network.vcxproj" />
    <BuildDependency Project="Aurore.Protocol/Aurore.Protocol.vcxproj" />
    <BuildDependency Project="Aurore.Util/Aurore.Util.vcxproj" />
  </Project>
</Solution>

