<?xml version="1.0" encoding="utf-8"?>
<Project ToolsVersion="4.0" xmlns="http://schemas.microsoft.com/developer/msbuild/2003">
  <ItemGroup>
    <ClCompile Include="src\ByteBuffer.cpp" />
    <ClCompile Include="src\Uuid.cpp" />
    <ClCompile Include="src\ResourceLocation.cpp" />
    <ClCompile Include="src\Nbt.cpp" />
    <ClCompile Include="src\NbtBinary.cpp" />
    <ClCompile Include="src\RegistrySnapshot.cpp" />
    <ClCompile Include="src\NetworkRegistry.cpp" />
  </ItemGroup>
  <ItemGroup>
    <ClInclude Include="include\Aurore\Util\ByteBuffer.hpp" />
    <ClInclude Include="include\Aurore\Util\UUID.hpp" />
    <ClInclude Include="include\Aurore\Util\ResourceLocation.hpp" />
    <ClInclude Include="include\Aurore\Util\Nbt.hpp" />
    <ClInclude Include="include\Aurore\Util\NbtBinary.hpp" />
    <ClInclude Include="include\Aurore\Util\Registry.hpp" />
    <ClInclude Include="include\Aurore\Util\RegistrySnapshot.hpp" />
    <ClInclude Include="include\Aurore\Util\RegistryTag.hpp" />
    <ClInclude Include="include\Aurore\Util\NetworkRegistry.hpp" />
  </ItemGroup>
</Project>
