<?xml version="1.0" encoding="utf-8"?>
<Project ToolsVersion="4.0" xmlns="http://schemas.microsoft.com/developer/msbuild/2003">
  <ItemGroup>
    <ClCompile Include="src\ProtocolDiagnostics.cpp" />
    <ClCompile Include="src\PacketFrame.cpp" />
    <ClCompile Include="src\ProtocolSession.cpp" />
    <ClCompile Include="src\ProtocolConnection.cpp" />
    <ClCompile Include="src\Packets\Status.cpp" />
    <ClCompile Include="src\Packets\Handshake.cpp" />
    <ClCompile Include="src\PacketCodec.cpp" />
    <ClCompile Include="src\Packets\Login.cpp" />
    <ClCompile Include="src\ProtocolPipeline.cpp" />
    <ClCompile Include="src\Packets\Configuration.cpp" />
    <ClCompile Include="src\ConfigurationSequence.cpp" />
    <ClCompile Include="src\RegistryCompatibility.cpp" />
  </ItemGroup>
  <ItemGroup>
    <ClInclude Include="include\Aurore\Protocol\ProtocolDiagnostics.hpp" />
    <ClInclude Include="include\Aurore\Protocol\PacketFrame.hpp" />
    <ClInclude Include="include\Aurore\Protocol\ProtocolSession.hpp" />
    <ClInclude Include="include\Aurore\Protocol\ProtocolConnection.hpp" />
    <ClInclude Include="include\Aurore\Protocol\Packets\Handshake.hpp" />
    <ClInclude Include="include\Aurore\Protocol\Packets\Status.hpp" />
    <ClInclude Include="include\Aurore\Protocol\ProtocolTypes.hpp" />
    <ClInclude Include="include\Aurore\Protocol\PacketCodec.hpp" />
    <ClInclude Include="include\Aurore\Protocol\Packets\Login.hpp" />
    <ClInclude Include="include\Aurore\Protocol\ProtocolPipeline.hpp" />
    <ClInclude Include="include\Aurore\Protocol\Packets\Configuration.hpp" />
    <ClInclude Include="include\Aurore\Protocol\ConfigurationSequence.hpp" />
    <ClInclude Include="include\Aurore\Protocol\RegistryCompatibility.hpp" />
  </ItemGroup>
</Project>
